
Microsoft Visual Studio Solution File, Format Version 11.00
# Visual Studio 2010
Project("{FAE04EC0-301F-11D3-BF4B-00C04F79EFBC}") = "CoronaInfo", "CoronaInfo\CoronaInfo.csproj", "{CA36B6FF-E138-4233-ADE3-ED4C8F35EFAA}"
EndProject
Global
	GlobalSection(SolutionConfigurationPlatforms) = preSolution
		Debug|Any CPU = Debug|Any CPU
		Release|Any CPU = Release|Any CPU
	EndGlobalSection
	GlobalSection(ProjectConfigurationPlatforms) = postSolution
		{CA36B6FF-E138-4233-ADE3-ED4C8F35EFAA}.Debug|Any CPU.ActiveCfg = Debug|Any CPU
		{CA36B6FF-E138-4233-ADE3-ED4C8F35EFAA}.Debug|Any CPU.Build.0 = Debug|Any CPU
		{CA36B6FF-E138-4233-ADE3-ED4C8F35EFAA}.Release|Any CPU.ActiveCfg = Release|Any CPU
		{CA36B6FF-E138-4233-ADE3-ED4C8F35EFAA}.Release|Any CPU.Build.0 = Release|Any CPU
	EndGlobalSection
	GlobalSection(SolutionProperties) = preSolution
		HideSolutionNode = FALSE
	EndGlobalSection
EndGlobal
